
Microsoft Visual Studio Solution File, Format Version 12.00
# Visual Studio 15
VisualStudioVersion = 15.0.28307.572
MinimumVisualStudioVersion = 10.0.40219.1
Project("{FAE04EC0-301F-11D3-BF4B-00C04F79EFBC}") = "RobertLeesItRoomASPCore", "RobertLeesItRoomASPCore\RobertLeesItRoomASPCore.csproj", "{019F41C9-270A-47B4-82A9-8A37114AA6BC}"
EndProject
Global
	GlobalSection(SolutionConfigurationPlatforms) = preSolution
		Debug|Any CPU = Debug|Any CPU
		Release|Any CPU = Release|Any CPU
	EndGlobalSection
	GlobalSection(ProjectConfigurationPlatforms) = postSolution
		{019F41C9-270A-47B4-82A9-8A37114AA6BC}.Debug|Any CPU.ActiveCfg = Debug|Any CPU
		{019F41C9-270A-47B4-82A9-8A37114AA6BC}.Debug|Any CPU.Build.0 = Debug|Any CPU
		{019F41C9-270A-47B4-82A9-8A37114AA6BC}.Release|Any CPU.ActiveCfg = Release|Any CPU
		{019F41C9-270A-47B4-82A9-8A37114AA6BC}.Release|Any CPU.Build.0 = Release|Any CPU
	EndGlobalSection
	GlobalSection(SolutionProperties) = preSolution
		HideSolutionNode = FALSE
	EndGlobalSection
	GlobalSection(ExtensibilityGlobals) = postSolution
		SolutionGuid = {4BBA6882-3E99-4C8C-AE87-491CE940A1E0}
	EndGlobalSection
EndGlobal
